
Microsoft Visual Studio Solution File, Format Version 12.00
# Visual Studio Version 16
VisualStudioVersion = 16.0.31205.134
MinimumVisualStudioVersion = 10.0.40219.1
Project("{FAE04EC0-301F-11D3-BF4B-00C04F79EFBC}") = "KonradSzpak_S00197298_FinalExam2", "KonradSzpak_S00197298_FinalExam2\KonradSzpak_S00197298_FinalExam2.csproj", "{36FA7722-2E80-4BB4-9433-A675279BAE04}"
EndProject
Project("{FAE04EC0-301F-11D3-BF4B-00C04F79EFBC}") = "DatabaseManagment", "DatabaseManagment\DatabaseManagment.csproj", "{E0A6D9EA-F137-421D-A63E-EF1555A3C626}"
EndProject
Project("{FAE04EC0-301F-11D3-BF4B-00C04F79EFBC}") = "UnitTestProject1", "UnitTestProject1\UnitTestProject1.csproj", "{429EE501-DB28-47BD-AF7A-0FAFDC528549}"
EndProject
Global
	GlobalSection(SolutionConfigurationPlatforms) = preSolution
		Debug|Any CPU = Debug|Any CPU
		Release|Any CPU = Release|Any CPU
	EndGlobalSection
	GlobalSection(ProjectConfigurationPlatforms) = postSolution
		{36FA7722-2E80-4BB4-9433-A675279BAE04}.Debug|Any CPU.ActiveCfg = Debug|Any CPU
		{36FA7722-2E80-4BB4-9433-A675279BAE04}.Debug|Any CPU.Build.0 = Debug|Any CPU
		{36FA7722-2E80-4BB4-9433-A675279BAE04}.Release|Any CPU.ActiveCfg = Release|Any CPU
		{36FA7722-2E80-4BB4-9433-A675279BAE04}.Release|Any CPU.Build.0 = Release|Any CPU
		{E0A6D9EA-F137-421D-A63E-EF1555A3C626}.Debug|Any CPU.ActiveCfg = Debug|Any CPU
		{E0A6D9EA-F137-421D-A63E-EF1555A3C626}.Debug|Any CPU.Build.0 = Debug|Any CPU
		{E0A6D9EA-F137-421D-A63E-EF1555A3C626}.Release|Any CPU.ActiveCfg = Release|Any CPU
		{E0A6D9EA-F137-421D-A63E-EF1555A3C626}.Release|Any CPU.Build.0 = Release|Any CPU
		{429EE501-DB28-47BD-AF7A-0FAFDC528549}.Debug|Any CPU.ActiveCfg = Debug|Any CPU
		{429EE501-DB28-47BD-AF7A-0FAFDC528549}.Debug|Any CPU.Build.0 = Debug|Any CPU
		{429EE501-DB28-47BD-AF7A-0FAFDC528549}.Release|Any CPU.ActiveCfg = Release|Any CPU
		{429EE501-DB28-47BD-AF7A-0FAFDC528549}.Release|Any CPU.Build.0 = Release|Any CPU
	EndGlobalSection
	GlobalSection(SolutionProperties) = preSolution
		HideSolutionNode = FALSE
	EndGlobalSection
	GlobalSection(ExtensibilityGlobals) = postSolution
		SolutionGuid = {6817C895-FD81-4401-AD01-0EEE2210039A}
	EndGlobalSection
EndGlobal
